
Microsoft Visual Studio Solution File, Format Version 12.00
# Visual Studio Version 16
VisualStudioVersion = 16.0.31005.135
MinimumVisualStudioVersion = 10.0.40219.1
Project("{9A19103F-16F7-4668-BE54-9A1E7A4F7556}") = "Portal.InfraEstructure.Entity", "InfraEstructure\Portal.InfraEstructure.Entity\Portal.InfraEstructure.Entity.csproj", "{F4CC51B1-BBC5-4E93-9CAE-C0D40ACE22E7}"
EndProject
Project("{9A19103F-16F7-4668-BE54-9A1E7A4F7556}") = "Portal.InfraEstructure.Repository", "InfraEstructure\Portal.InfraEstructure.Repository\Portal.InfraEstructure.Repository.csproj", "{CD136396-A47D-4A6F-89CF-5DE70B894F5B}"
EndProject
Project("{2150E333-8FDC-42A3-9474-1A3956D46DE8}") = "InfraEstructure", "InfraEstructure", "{B390AC91-4126-483B-A0D0-ABB4AE1F15D2}"
EndProject
Project("{2150E333-8FDC-42A3-9474-1A3956D46DE8}") = "Model", "Model", "{0CA30DD6-D15A-48BB-8974-455619B17EED}"
EndProject
Project("{9A19103F-16F7-4668-BE54-9A1E7A4F7556}") = "Portal.Server.Auth", "Servers\Portal.Server.Auth\Portal.Server.Auth.csproj", "{AF963F6D-4CF0-47D4-910A-B8A93ABBB6E4}"
EndProject
Project("{9A19103F-16F7-4668-BE54-9A1E7A4F7556}") = "Portal.Server.Adm.Api", "Servers\Portal.Server.Adm.Api\Portal.Server.Adm.Api.csproj", "{3501A6C7-E17A-4849-A7EC-26A11F2EF022}"
EndProject
Project("{2150E333-8FDC-42A3-9474-1A3956D46DE8}") = "Servers", "Servers", "{E8DB6F91-08F6-4723-9D72-4A8A2F8D39F5}"
EndProject
Project("{9A19103F-16F7-4668-BE54-9A1E7A4F7556}") = "Portal.Model", "Model\Portal.Model\Portal.Model.csproj", "{2EA2DC16-C3D1-4E3C-9478-4027A1354B14}"
EndProject
Global
	GlobalSection(SolutionConfigurationPlatforms) = preSolution
		Debug|Any CPU = Debug|Any CPU
		Release|Any CPU = Release|Any CPU
	EndGlobalSection
	GlobalSection(ProjectConfigurationPlatforms) = postSolution
		{F4CC51B1-BBC5-4E93-9CAE-C0D40ACE22E7}.Debug|Any CPU.ActiveCfg = Debug|Any CPU
		{F4CC51B1-BBC5-4E93-9CAE-C0D40ACE22E7}.Debug|Any CPU.Build.0 = Debug|Any CPU
		{F4CC51B1-BBC5-4E93-9CAE-C0D40ACE22E7}.Release|Any CPU.ActiveCfg = Release|Any CPU
		{F4CC51B1-BBC5-4E93-9CAE-C0D40ACE22E7}.Release|Any CPU.Build.0 = Release|Any CPU
		{CD136396-A47D-4A6F-89CF-5DE70B894F5B}.Debug|Any CPU.ActiveCfg = Debug|Any CPU
		{CD136396-A47D-4A6F-89CF-5DE70B894F5B}.Debug|Any CPU.Build.0 = Debug|Any CPU
		{CD136396-A47D-4A6F-89CF-5DE70B894F5B}.Release|Any CPU.ActiveCfg = Release|Any CPU
		{CD136396-A47D-4A6F-89CF-5DE70B894F5B}.Release|Any CPU.Build.0 = Release|Any CPU
		{AF963F6D-4CF0-47D4-910A-B8A93ABBB6E4}.Debug|Any CPU.ActiveCfg = Debug|Any CPU
		{AF963F6D-4CF0-47D4-910A-B8A93ABBB6E4}.Debug|Any CPU.Build.0 = Debug|Any CPU
		{AF963F6D-4CF0-47D4-910A-B8A93ABBB6E4}.Release|Any CPU.ActiveCfg = Release|Any CPU
		{AF963F6D-4CF0-47D4-910A-B8A93ABBB6E4}.Release|Any CPU.Build.0 = Release|Any CPU
		{3501A6C7-E17A-4849-A7EC-26A11F2EF022}.Debug|Any CPU.ActiveCfg = Debug|Any CPU
		{3501A6C7-E17A-4849-A7EC-26A11F2EF022}.Debug|Any CPU.Build.0 = Debug|Any CPU
		{3501A6C7-E17A-4849-A7EC-26A11F2EF022}.Release|Any CPU.ActiveCfg = Release|Any CPU
		{3501A6C7-E17A-4849-A7EC-26A11F2EF022}.Release|Any CPU.Build.0 = Release|Any CPU
		{2EA2DC16-C3D1-4E3C-9478-4027A1354B14}.Debug|Any CPU.ActiveCfg = Debug|Any CPU
		{2EA2DC16-C3D1-4E3C-9478-4027A1354B14}.Debug|Any CPU.Build.0 = Debug|Any CPU
		{2EA2DC16-C3D1-4E3C-9478-4027A1354B14}.Release|Any CPU.ActiveCfg = Release|Any CPU
		{2EA2DC16-C3D1-4E3C-9478-4027A1354B14}.Release|Any CPU.Build.0 = Release|Any CPU
	EndGlobalSection
	GlobalSection(SolutionProperties) = preSolution
		HideSolutionNode = FALSE
	EndGlobalSection
	GlobalSection(NestedProjects) = preSolution
		{F4CC51B1-BBC5-4E93-9CAE-C0D40ACE22E7} = {B390AC91-4126-483B-A0D0-ABB4AE1F15D2}
		{CD136396-A47D-4A6F-89CF-5DE70B894F5B} = {B390AC91-4126-483B-A0D0-ABB4AE1F15D2}
		{AF963F6D-4CF0-47D4-910A-B8A93ABBB6E4} = {E8DB6F91-08F6-4723-9D72-4A8A2F8D39F5}
		{3501A6C7-E17A-4849-A7EC-26A11F2EF022} = {E8DB6F91-08F6-4723-9D72-4A8A2F8D39F5}
		{2EA2DC16-C3D1-4E3C-9478-4027A1354B14} = {0CA30DD6-D15A-48BB-8974-455619B17EED}
	EndGlobalSection
	GlobalSection(ExtensibilityGlobals) = postSolution
		SolutionGuid = {E1E6FB39-05E8-46E8-863B-6B92D846B40E}
	EndGlobalSection
EndGlobal
